# This file was autogenerated by uv via the following command:
#    uv export --dev --format requirements-txt --no-hashes --no-emit-project --output-file tests/requirements-testing.lock
anyio==4.8.0
asgi-lifespan==2.1.0
asgiref==3.8.1
certifi==2025.1.31
colorama==0.4.6 ; sys_platform == 'win32'
coverage==7.6.12
exceptiongroup==1.2.2 ; python_full_version < '3.11'
h11==0.14.0
httpcore==1.0.7
httpx==0.28.1
idna==3.10
iniconfig==2.0.0
matomo-core==0.2.0
mypy==1.15.0
mypy-extensions==1.0.0
packaging==24.2
pluggy==1.5.0
pytest==8.3.5
pytest-asyncio==0.25.3
pytest-cov==6.0.0
ruff==0.9.10
sniffio==1.3.1
starlette==0.46.1
syrupy==4.9.0
tomli==2.2.1 ; python_full_version <= '3.11'
typing-extensions==4.12.2
