# This file was autogenerated by uv via the following command:
#    uv export --dev --format requirements-txt --no-hashes --no-emit-project --output-file tests/requirements-testing.lock
anyio==4.8.0
    # via
    #   httpx
    #   starlette
asgi-lifespan==2.1.0
asgiref==3.8.1
    # via asgi-matomo
certifi==2025.1.31
    # via
    #   httpcore
    #   httpx
colorama==0.4.6 ; sys_platform == 'win32'
    # via pytest
coverage==7.6.12
    # via pytest-cov
exceptiongroup==1.2.2 ; python_full_version < '3.11'
    # via
    #   anyio
    #   pytest
h11==0.14.0
    # via httpcore
httpcore==1.0.7
    # via httpx
httpx==0.28.1
    # via asgi-matomo
idna==3.10
    # via
    #   anyio
    #   httpx
iniconfig==2.0.0
    # via pytest
matomo-core==0.3.1
    # via asgi-matomo
mypy==1.15.0
mypy-extensions==1.0.0
    # via mypy
packaging==24.2
    # via pytest
pluggy==1.5.0
    # via pytest
pytest==8.3.5
    # via
    #   pytest-asyncio
    #   pytest-cov
    #   syrupy
pytest-asyncio==0.25.3
pytest-cov==6.0.0
ruff==0.9.10
sniffio==1.3.1
    # via
    #   anyio
    #   asgi-lifespan
starlette==0.46.1
syrupy==4.9.0
tomli==2.2.1 ; python_full_version <= '3.11'
    # via
    #   coverage
    #   mypy
    #   pytest
typing-extensions==4.12.2
    # via
    #   anyio
    #   asgiref
    #   mypy
