# This file was autogenerated by uv via the following command:
#    uv export --dev --format=requirements-txt --no-hashes --no-emit-project --output-file=tests/requirements-testing.lock
anyio==4.12.0
    # via
    #   httpx
    #   starlette
asgi-lifespan==2.1.0
asgiref==3.11.0
    # via asgi-matomo
backports-asyncio-runner==1.2.0 ; python_full_version < '3.11'
    # via pytest-asyncio
certifi==2025.11.12
    # via
    #   httpcore
    #   httpx
colorama==0.4.6 ; sys_platform == 'win32'
    # via pytest
coverage==7.13.0
    # via pytest-cov
exceptiongroup==1.3.1 ; python_full_version < '3.11'
    # via
    #   anyio
    #   pytest
h11==0.16.0
    # via httpcore
httpcore==1.0.9
    # via httpx
httpx==0.28.1
    # via asgi-matomo
idna==3.11
    # via
    #   anyio
    #   httpx
iniconfig==2.3.0
    # via pytest
librt==0.7.3
    # via mypy
matomo-core==0.3.1
    # via asgi-matomo
mypy==1.19.0
mypy-extensions==1.1.0
    # via mypy
packaging==25.0
    # via pytest
pathspec==0.12.1
    # via mypy
pluggy==1.6.0
    # via
    #   pytest
    #   pytest-cov
pygments==2.19.2
    # via pytest
pytest==9.0.2
    # via
    #   pytest-asyncio
    #   pytest-cov
    #   syrupy
pytest-asyncio==1.3.0
pytest-cov==7.0.0
ruff==0.14.8
sniffio==1.3.1
    # via asgi-lifespan
starlette==0.50.0
syrupy==5.0.0
tomli==2.3.0 ; python_full_version <= '3.11'
    # via
    #   coverage
    #   mypy
    #   pytest
typing-extensions==4.15.0
    # via
    #   anyio
    #   asgiref
    #   exceptiongroup
    #   mypy
    #   pytest-asyncio
    #   starlette
